
Microsoft Visual Studio Solution File, Format Version 12.00
# Visual Studio Version 17
VisualStudioVersion = 17.1.32210.238
MinimumVisualStudioVersion = 10.0.40219.1
Project("{FAE04EC0-301F-11D3-BF4B-00C04F79EFBC}") = "AhoyHotelManagement", "AhoyHotelManagement\AhoyHotelManagement.csproj", "{185A5093-DC4C-42F8-8C4F-E158CF50451A}"
EndProject
Global
	GlobalSection(SolutionConfigurationPlatforms) = preSolution
		Debug|Any CPU = Debug|Any CPU
		Release|Any CPU = Release|Any CPU
	EndGlobalSection
	GlobalSection(ProjectConfigurationPlatforms) = postSolution
		{185A5093-DC4C-42F8-8C4F-E158CF50451A}.Debug|Any CPU.ActiveCfg = Debug|Any CPU
		{185A5093-DC4C-42F8-8C4F-E158CF50451A}.Debug|Any CPU.Build.0 = Debug|Any CPU
		{185A5093-DC4C-42F8-8C4F-E158CF50451A}.Release|Any CPU.ActiveCfg = Release|Any CPU
		{185A5093-DC4C-42F8-8C4F-E158CF50451A}.Release|Any CPU.Build.0 = Release|Any CPU
	EndGlobalSection
	GlobalSection(SolutionProperties) = preSolution
		HideSolutionNode = FALSE
	EndGlobalSection
	GlobalSection(ExtensibilityGlobals) = postSolution
		SolutionGuid = {89778470-8739-4332-9FDA-0BC9AE9C255B}
	EndGlobalSection
EndGlobal
